
Microsoft Visual Studio Solution File, Format Version 12.00
# Visual Studio 15
VisualStudioVersion = 15.0.27130.0
MinimumVisualStudioVersion = 10.0.40219.1
Project("{2150E333-8FDC-42A3-9474-1A3956D46DE8}") = "Engine", "Engine", "{AB553EC3-28F2-4075-9665-EB0231E01958}"
EndProject
Project("{2150E333-8FDC-42A3-9474-1A3956D46DE8}") = "Games", "Games", "{FDE0CA14-0113-4185-A84B-BB9BAE5F566D}"
EndProject
Project("{8BC9CEB8-8B4A-11D0-8D11-00A0C91BC942}") = "UE4", "Intermediate\ProjectFiles\UE4.vcxproj", "{CC62C051-E6F4-4111-99D4-98FB093B97EF}"
EndProject
Project("{8BC9CEB8-8B4A-11D0-8D11-00A0C91BC942}") = "BuildingEscape", "Intermediate\ProjectFiles\BuildingEscape.vcxproj", "{F078803E-A949-455E-BECD-DB86B4F32585}"
EndProject
Global
	GlobalSection(SolutionConfigurationPlatforms) = preSolution
		DebugGame Editor|HTML5 = DebugGame Editor|HTML5
		DebugGame Editor|Win32 = DebugGame Editor|Win32
		DebugGame Editor|Win64 = DebugGame Editor|Win64
		DebugGame|HTML5 = DebugGame|HTML5
		DebugGame|Win32 = DebugGame|Win32
		DebugGame|Win64 = DebugGame|Win64
		Development Editor|HTML5 = Development Editor|HTML5
		Development Editor|Win32 = Development Editor|Win32
		Development Editor|Win64 = Development Editor|Win64
		Development|HTML5 = Development|HTML5
		Development|Win32 = Development|Win32
		Development|Win64 = Development|Win64
		Shipping|HTML5 = Shipping|HTML5
		Shipping|Win32 = Shipping|Win32
		Shipping|Win64 = Shipping|Win64
	EndGlobalSection
	GlobalSection(ProjectConfigurationPlatforms) = postSolution
		{CC62C051-E6F4-4111-99D4-98FB093B97EF}.DebugGame Editor|HTML5.ActiveCfg = BuiltWithUnrealBuildTool|Win32
		{CC62C051-E6F4-4111-99D4-98FB093B97EF}.DebugGame Editor|HTML5.Build.0 = BuiltWithUnrealBuildTool|Win32
		{CC62C051-E6F4-4111-99D4-98FB093B97EF}.DebugGame Editor|Win32.ActiveCfg = BuiltWithUnrealBuildTool|Win32
		{CC62C051-E6F4-4111-99D4-98FB093B97EF}.DebugGame Editor|Win32.Build.0 = BuiltWithUnrealBuildTool|Win32
		{CC62C051-E6F4-4111-99D4-98FB093B97EF}.DebugGame Editor|Win64.ActiveCfg = BuiltWithUnrealBuildTool|Win32
		{CC62C051-E6F4-4111-99D4-98FB093B97EF}.DebugGame Editor|Win64.Build.0 = BuiltWithUnrealBuildTool|Win32
		{CC62C051-E6F4-4111-99D4-98FB093B97EF}.DebugGame|HTML5.ActiveCfg = BuiltWithUnrealBuildTool|Win32
		{CC62C051-E6F4-4111-99D4-98FB093B97EF}.DebugGame|HTML5.Build.0 = BuiltWithUnrealBuildTool|Win32
		{CC62C051-E6F4-4111-99D4-98FB093B97EF}.DebugGame|Win32.ActiveCfg = BuiltWithUnrealBuildTool|Win32
		{CC62C051-E6F4-4111-99D4-98FB093B97EF}.DebugGame|Win32.Build.0 = BuiltWithUnrealBuildTool|Win32
		{CC62C051-E6F4-4111-99D4-98FB093B97EF}.DebugGame|Win64.ActiveCfg = BuiltWithUnrealBuildTool|Win32
		{CC62C051-E6F4-4111-99D4-98FB093B97EF}.DebugGame|Win64.Build.0 = BuiltWithUnrealBuildTool|Win32
		{CC62C051-E6F4-4111-99D4-98FB093B97EF}.Development Editor|HTML5.ActiveCfg = BuiltWithUnrealBuildTool|Win32
		{CC62C051-E6F4-4111-99D4-98FB093B97EF}.Development Editor|HTML5.Build.0 = BuiltWithUnrealBuildTool|Win32
		{CC62C051-E6F4-4111-99D4-98FB093B97EF}.Development Editor|Win32.ActiveCfg = BuiltWithUnrealBuildTool|Win32
		{CC62C051-E6F4-4111-99D4-98FB093B97EF}.Development Editor|Win32.Build.0 = BuiltWithUnrealBuildTool|Win32
		{CC62C051-E6F4-4111-99D4-98FB093B97EF}.Development Editor|Win64.ActiveCfg = BuiltWithUnrealBuildTool|Win32
		{CC62C051-E6F4-4111-99D4-98FB093B97EF}.Development Editor|Win64.Build.0 = BuiltWithUnrealBuildTool|Win32
		{CC62C051-E6F4-4111-99D4-98FB093B97EF}.Development|HTML5.ActiveCfg = BuiltWithUnrealBuildTool|Win32
		{CC62C051-E6F4-4111-99D4-98FB093B97EF}.Development|HTML5.Build.0 = BuiltWithUnrealBuildTool|Win32
		{CC62C051-E6F4-4111-99D4-98FB093B97EF}.Development|Win32.ActiveCfg = BuiltWithUnrealBuildTool|Win32
		{CC62C051-E6F4-4111-99D4-98FB093B97EF}.Development|Win32.Build.0 = BuiltWithUnrealBuildTool|Win32
		{CC62C051-E6F4-4111-99D4-98FB093B97EF}.Development|Win64.ActiveCfg = BuiltWithUnrealBuildTool|Win32
		{CC62C051-E6F4-4111-99D4-98FB093B97EF}.Development|Win64.Build.0 = BuiltWithUnrealBuildTool|Win32
		{CC62C051-E6F4-4111-99D4-98FB093B97EF}.Shipping|HTML5.ActiveCfg = BuiltWithUnrealBuildTool|Win32
		{CC62C051-E6F4-4111-99D4-98FB093B97EF}.Shipping|HTML5.Build.0 = BuiltWithUnrealBuildTool|Win32
		{CC62C051-E6F4-4111-99D4-98FB093B97EF}.Shipping|Win32.ActiveCfg = BuiltWithUnrealBuildTool|Win32
		{CC62C051-E6F4-4111-99D4-98FB093B97EF}.Shipping|Win32.Build.0 = BuiltWithUnrealBuildTool|Win32
		{CC62C051-E6F4-4111-99D4-98FB093B97EF}.Shipping|Win64.ActiveCfg = BuiltWithUnrealBuildTool|Win32
		{CC62C051-E6F4-4111-99D4-98FB093B97EF}.Shipping|Win64.Build.0 = BuiltWithUnrealBuildTool|Win32
		{F078803E-A949-455E-BECD-DB86B4F32585}.DebugGame Editor|HTML5.ActiveCfg = HTML5_DebugGame_Editor|Win32
		{F078803E-A949-455E-BECD-DB86B4F32585}.DebugGame Editor|Win32.ActiveCfg = DebugGame_Editor|Win32
		{F078803E-A949-455E-BECD-DB86B4F32585}.DebugGame Editor|Win64.ActiveCfg = DebugGame_Editor|x64
		{F078803E-A949-455E-BECD-DB86B4F32585}.DebugGame Editor|Win64.Build.0 = DebugGame_Editor|x64
		{F078803E-A949-455E-BECD-DB86B4F32585}.DebugGame|HTML5.ActiveCfg = HTML5_DebugGame_Game|Win32
		{F078803E-A949-455E-BECD-DB86B4F32585}.DebugGame|HTML5.Build.0 = HTML5_DebugGame_Game|Win32
		{F078803E-A949-455E-BECD-DB86B4F32585}.DebugGame|Win32.ActiveCfg = DebugGame_Game|Win32
		{F078803E-A949-455E-BECD-DB86B4F32585}.DebugGame|Win32.Build.0 = DebugGame_Game|Win32
		{F078803E-A949-455E-BECD-DB86B4F32585}.DebugGame|Win64.ActiveCfg = DebugGame_Game|x64
		{F078803E-A949-455E-BECD-DB86B4F32585}.DebugGame|Win64.Build.0 = DebugGame_Game|x64
		{F078803E-A949-455E-BECD-DB86B4F32585}.Development Editor|HTML5.ActiveCfg = HTML5_Development_Editor|Win32
		{F078803E-A949-455E-BECD-DB86B4F32585}.Development Editor|Win32.ActiveCfg = Development_Editor|Win32
		{F078803E-A949-455E-BECD-DB86B4F32585}.Development Editor|Win64.ActiveCfg = Development_Editor|x64
		{F078803E-A949-455E-BECD-DB86B4F32585}.Development Editor|Win64.Build.0 = Development_Editor|x64
		{F078803E-A949-455E-BECD-DB86B4F32585}.Development|HTML5.ActiveCfg = HTML5_Development_Game|Win32
		{F078803E-A949-455E-BECD-DB86B4F32585}.Development|HTML5.Build.0 = HTML5_Development_Game|Win32
		{F078803E-A949-455E-BECD-DB86B4F32585}.Development|Win32.ActiveCfg = Development_Game|Win32
		{F078803E-A949-455E-BECD-DB86B4F32585}.Development|Win32.Build.0 = Development_Game|Win32
		{F078803E-A949-455E-BECD-DB86B4F32585}.Development|Win64.ActiveCfg = Development_Game|x64
		{F078803E-A949-455E-BECD-DB86B4F32585}.Development|Win64.Build.0 = Development_Game|x64
		{F078803E-A949-455E-BECD-DB86B4F32585}.Shipping|HTML5.ActiveCfg = HTML5_Shipping_Game|Win32
		{F078803E-A949-455E-BECD-DB86B4F32585}.Shipping|HTML5.Build.0 = HTML5_Shipping_Game|Win32
		{F078803E-A949-455E-BECD-DB86B4F32585}.Shipping|Win32.ActiveCfg = Shipping_Game|Win32
		{F078803E-A949-455E-BECD-DB86B4F32585}.Shipping|Win32.Build.0 = Shipping_Game|Win32
		{F078803E-A949-455E-BECD-DB86B4F32585}.Shipping|Win64.ActiveCfg = Shipping_Game|x64
		{F078803E-A949-455E-BECD-DB86B4F32585}.Shipping|Win64.Build.0 = Shipping_Game|x64
	EndGlobalSection
	GlobalSection(SolutionProperties) = preSolution
		HideSolutionNode = FALSE
	EndGlobalSection
	GlobalSection(NestedProjects) = preSolution
		{CC62C051-E6F4-4111-99D4-98FB093B97EF} = {AB553EC3-28F2-4075-9665-EB0231E01958}
		{F078803E-A949-455E-BECD-DB86B4F32585} = {FDE0CA14-0113-4185-A84B-BB9BAE5F566D}
	EndGlobalSection
	GlobalSection(ExtensibilityGlobals) = postSolution
		SolutionGuid = {1385FE0A-957C-40BA-9353-756F355EBFA7}
	EndGlobalSection
EndGlobal
